
Microsoft Visual Studio Solution File, Format Version 12.00
# Visual Studio Version 17
VisualStudioVersion = 17.11.35222.181
MinimumVisualStudioVersion = 10.0.40219.1
Project("{8BC9CEB8-8B4A-11D0-8D11-00A0C91BC942}") = "buoi1", "buoi1\buoi1.vcxproj", "{24A7F394-1C5F-41A8-944C-A07810812146}"
EndProject
Project("{8BC9CEB8-8B4A-11D0-8D11-00A0C91BC942}") = "buoi2", "buoi2\buoi2.vcxproj", "{E34B3C99-F3D8-4E1D-A0B6-34CAAE3E39E2}"
EndProject
Project("{8BC9CEB8-8B4A-11D0-8D11-00A0C91BC942}") = "buoi3", "buoi3\buoi3.vcxproj", "{DC36F790-8D82-45FA-8BE5-C1C3AA54E535}"
EndProject
Project("{8BC9CEB8-8B4A-11D0-8D11-00A0C91BC942}") = "buoi4", "buoi4\buoi4.vcxproj", "{F1FDB800-C10D-49B5-866E-6618F4B4CEE1}"
EndProject
Project("{8BC9CEB8-8B4A-11D0-8D11-00A0C91BC942}") = "buoi5", "buoi5\buoi5.vcxproj", "{79161A83-4C91-46B1-B032-A9EFA387683C}"
EndProject
Project("{8BC9CEB8-8B4A-11D0-8D11-00A0C91BC942}") = "buoi6", "buoi6\buoi6.vcxproj", "{74EA7FF4-3F5E-4777-97B5-EE203B281408}"
EndProject
Project("{8BC9CEB8-8B4A-11D0-8D11-00A0C91BC942}") = "buoi7", "buoi7\buoi7.vcxproj", "{CD47637A-AC51-46C7-81F3-97DB021EC1D0}"
EndProject
Project("{8BC9CEB8-8B4A-11D0-8D11-00A0C91BC942}") = "buoi8", "buoi8\buoi8.vcxproj", "{757BF50B-AB4B-44CF-85BC-507F38968848}"
EndProject
Global
	GlobalSection(SolutionConfigurationPlatforms) = preSolution
		Debug|x64 = Debug|x64
		Debug|x86 = Debug|x86
		Release|x64 = Release|x64
		Release|x86 = Release|x86
	EndGlobalSection
	GlobalSection(ProjectConfigurationPlatforms) = postSolution
		{24A7F394-1C5F-41A8-944C-A07810812146}.Debug|x64.ActiveCfg = Debug|x64
		{24A7F394-1C5F-41A8-944C-A07810812146}.Debug|x64.Build.0 = Debug|x64
		{24A7F394-1C5F-41A8-944C-A07810812146}.Debug|x86.ActiveCfg = Debug|Win32
		{24A7F394-1C5F-41A8-944C-A07810812146}.Debug|x86.Build.0 = Debug|Win32
		{24A7F394-1C5F-41A8-944C-A07810812146}.Release|x64.ActiveCfg = Release|x64
		{24A7F394-1C5F-41A8-944C-A07810812146}.Release|x64.Build.0 = Release|x64
		{24A7F394-1C5F-41A8-944C-A07810812146}.Release|x86.ActiveCfg = Release|Win32
		{24A7F394-1C5F-41A8-944C-A07810812146}.Release|x86.Build.0 = Release|Win32
		{E34B3C99-F3D8-4E1D-A0B6-34CAAE3E39E2}.Debug|x64.ActiveCfg = Debug|x64
		{E34B3C99-F3D8-4E1D-A0B6-34CAAE3E39E2}.Debug|x64.Build.0 = Debug|x64
		{E34B3C99-F3D8-4E1D-A0B6-34CAAE3E39E2}.Debug|x86.ActiveCfg = Debug|Win32
		{E34B3C99-F3D8-4E1D-A0B6-34CAAE3E39E2}.Debug|x86.Build.0 = Debug|Win32
		{E34B3C99-F3D8-4E1D-A0B6-34CAAE3E39E2}.Release|x64.ActiveCfg = Release|x64
		{E34B3C99-F3D8-4E1D-A0B6-34CAAE3E39E2}.Release|x64.Build.0 = Release|x64
		{E34B3C99-F3D8-4E1D-A0B6-34CAAE3E39E2}.Release|x86.ActiveCfg = Release|Win32
		{E34B3C99-F3D8-4E1D-A0B6-34CAAE3E39E2}.Release|x86.Build.0 = Release|Win32
		{DC36F790-8D82-45FA-8BE5-C1C3AA54E535}.Debug|x64.ActiveCfg = Debug|x64
		{DC36F790-8D82-45FA-8BE5-C1C3AA54E535}.Debug|x64.Build.0 = Debug|x64
		{DC36F790-8D82-45FA-8BE5-C1C3AA54E535}.Debug|x86.ActiveCfg = Debug|Win32
		{DC36F790-8D82-45FA-8BE5-C1C3AA54E535}.Debug|x86.Build.0 = Debug|Win32
		{DC36F790-8D82-45FA-8BE5-C1C3AA54E535}.Release|x64.ActiveCfg = Release|x64
		{DC36F790-8D82-45FA-8BE5-C1C3AA54E535}.Release|x64.Build.0 = Release|x64
		{DC36F790-8D82-45FA-8BE5-C1C3AA54E535}.Release|x86.ActiveCfg = Release|Win32
		{DC36F790-8D82-45FA-8BE5-C1C3AA54E535}.Release|x86.Build.0 = Release|Win32
		{F1FDB800-C10D-49B5-866E-6618F4B4CEE1}.Debug|x64.ActiveCfg = Debug|x64
		{F1FDB800-C10D-49B5-866E-6618F4B4CEE1}.Debug|x64.Build.0 = Debug|x64
		{F1FDB800-C10D-49B5-866E-6618F4B4CEE1}.Debug|x86.ActiveCfg = Debug|Win32
		{F1FDB800-C10D-49B5-866E-6618F4B4CEE1}.Debug|x86.Build.0 = Debug|Win32
		{F1FDB800-C10D-49B5-866E-6618F4B4CEE1}.Release|x64.ActiveCfg = Release|x64
		{F1FDB800-C10D-49B5-866E-6618F4B4CEE1}.Release|x64.Build.0 = Release|x64
		{F1FDB800-C10D-49B5-866E-6618F4B4CEE1}.Release|x86.ActiveCfg = Release|Win32
		{F1FDB800-C10D-49B5-866E-6618F4B4CEE1}.Release|x86.Build.0 = Release|Win32
		{79161A83-4C91-46B1-B032-A9EFA387683C}.Debug|x64.ActiveCfg = Debug|x64
		{79161A83-4C91-46B1-B032-A9EFA387683C}.Debug|x64.Build.0 = Debug|x64
		{79161A83-4C91-46B1-B032-A9EFA387683C}.Debug|x86.ActiveCfg = Debug|Win32
		{79161A83-4C91-46B1-B032-A9EFA387683C}.Debug|x86.Build.0 = Debug|Win32
		{79161A83-4C91-46B1-B032-A9EFA387683C}.Release|x64.ActiveCfg = Release|x64
		{79161A83-4C91-46B1-B032-A9EFA387683C}.Release|x64.Build.0 = Release|x64
		{79161A83-4C91-46B1-B032-A9EFA387683C}.Release|x86.ActiveCfg = Release|Win32
		{79161A83-4C91-46B1-B032-A9EFA387683C}.Release|x86.Build.0 = Release|Win32
		{74EA7FF4-3F5E-4777-97B5-EE203B281408}.Debug|x64.ActiveCfg = Debug|x64
		{74EA7FF4-3F5E-4777-97B5-EE203B281408}.Debug|x64.Build.0 = Debug|x64
		{74EA7FF4-3F5E-4777-97B5-EE203B281408}.Debug|x86.ActiveCfg = Debug|Win32
		{74EA7FF4-3F5E-4777-97B5-EE203B281408}.Debug|x86.Build.0 = Debug|Win32
		{74EA7FF4-3F5E-4777-97B5-EE203B281408}.Release|x64.ActiveCfg = Release|x64
		{74EA7FF4-3F5E-4777-97B5-EE203B281408}.Release|x64.Build.0 = Release|x64
		{74EA7FF4-3F5E-4777-97B5-EE203B281408}.Release|x86.ActiveCfg = Release|Win32
		{74EA7FF4-3F5E-4777-97B5-EE203B281408}.Release|x86.Build.0 = Release|Win32
		{CD47637A-AC51-46C7-81F3-97DB021EC1D0}.Debug|x64.ActiveCfg = Debug|x64
		{CD47637A-AC51-46C7-81F3-97DB021EC1D0}.Debug|x64.Build.0 = Debug|x64
		{CD47637A-AC51-46C7-81F3-97DB021EC1D0}.Debug|x86.ActiveCfg = Debug|Win32
		{CD47637A-AC51-46C7-81F3-97DB021EC1D0}.Debug|x86.Build.0 = Debug|Win32
		{CD47637A-AC51-46C7-81F3-97DB021EC1D0}.Release|x64.ActiveCfg = Release|x64
		{CD47637A-AC51-46C7-81F3-97DB021EC1D0}.Release|x64.Build.0 = Release|x64
		{CD47637A-AC51-46C7-81F3-97DB021EC1D0}.Release|x86.ActiveCfg = Release|Win32
		{CD47637A-AC51-46C7-81F3-97DB021EC1D0}.Release|x86.Build.0 = Release|Win32
		{757BF50B-AB4B-44CF-85BC-507F38968848}.Debug|x64.ActiveCfg = Debug|x64
		{757BF50B-AB4B-44CF-85BC-507F38968848}.Debug|x64.Build.0 = Debug|x64
		{757BF50B-AB4B-44CF-85BC-507F38968848}.Debug|x86.ActiveCfg = Debug|Win32
		{757BF50B-AB4B-44CF-85BC-507F38968848}.Debug|x86.Build.0 = Debug|Win32
		{757BF50B-AB4B-44CF-85BC-507F38968848}.Release|x64.ActiveCfg = Release|x64
		{757BF50B-AB4B-44CF-85BC-507F38968848}.Release|x64.Build.0 = Release|x64
		{757BF50B-AB4B-44CF-85BC-507F38968848}.Release|x86.ActiveCfg = Release|Win32
		{757BF50B-AB4B-44CF-85BC-507F38968848}.Release|x86.Build.0 = Release|Win32
	EndGlobalSection
	GlobalSection(SolutionProperties) = preSolution
		HideSolutionNode = FALSE
	EndGlobalSection
	GlobalSection(ExtensibilityGlobals) = postSolution
		SolutionGuid = {020020F3-3483-4EF9-A658-6A92E7767A6B}
	EndGlobalSection
EndGlobal
